dependencies:
  idf:
    source:
      type: idf
    version: 5.5.1
  lvgl/lvgl:
    component_hash: b702d642e03e95928046d5c6726558e6444e112420c77efa5fdb6650b0a13c5d
    dependencies: []
    source:
      registry_url: https://components.espressif.com/
      type: service
    version: 9.3.0
direct_dependencies:
- idf
- lvgl/lvgl
manifest_hash: ec313e0b42203323e52a063e1758bd6d4a41afa7358bff3796cbc150e8fe757e
target: esp32c5
version: 2.0.0
